
Microsoft Visual Studio Solution File, Format Version 12.00
# Visual Studio Version 17
VisualStudioVersion = 17.8.34525.116
MinimumVisualStudioVersion = 10.0.40219.1
Project("{9A19103F-16F7-4668-BE54-9A1E7A4F7556}") = "Kojg Ragnarock Guide", "Kojg Ragnarock Guide\Kojg Ragnarock Guide.csproj", "{2A01F2E8-5EEB-4792-87BE-D0A3B3AEFBC3}"
EndProject
Global
	GlobalSection(SolutionConfigurationPlatforms) = preSolution
		Debug|Any CPU = Debug|Any CPU
		Release|Any CPU = Release|Any CPU
	EndGlobalSection
	GlobalSection(ProjectConfigurationPlatforms) = postSolution
		{2A01F2E8-5EEB-4792-87BE-D0A3B3AEFBC3}.Debug|Any CPU.ActiveCfg = Debug|Any CPU
		{2A01F2E8-5EEB-4792-87BE-D0A3B3AEFBC3}.Debug|Any CPU.Build.0 = Debug|Any CPU
		{2A01F2E8-5EEB-4792-87BE-D0A3B3AEFBC3}.Release|Any CPU.ActiveCfg = Release|Any CPU
		{2A01F2E8-5EEB-4792-87BE-D0A3B3AEFBC3}.Release|Any CPU.Build.0 = Release|Any CPU
	EndGlobalSection
	GlobalSection(SolutionProperties) = preSolution
		HideSolutionNode = FALSE
	EndGlobalSection
	GlobalSection(ExtensibilityGlobals) = postSolution
		SolutionGuid = {924C72CE-F3BB-45E6-876A-1EF12A02AF26}
	EndGlobalSection
EndGlobal
